
Microsoft Visual Studio Solution File, Format Version 12.00
# Visual Studio Version 16
VisualStudioVersion = 16.0.32002.261
MinimumVisualStudioVersion = 10.0.40219.1
Project("{9A19103F-16F7-4668-BE54-9A1E7A4F7556}") = "Rosto", "Rosto\Rosto.csproj", "{90F10BD7-04FC-4A92-8B97-4917DD4E2F96}"
EndProject
Global
	GlobalSection(SolutionConfigurationPlatforms) = preSolution
		Debug|Any CPU = Debug|Any CPU
		Release|Any CPU = Release|Any CPU
	EndGlobalSection
	GlobalSection(ProjectConfigurationPlatforms) = postSolution
		{90F10BD7-04FC-4A92-8B97-4917DD4E2F96}.Debug|Any CPU.ActiveCfg = Debug|Any CPU
		{90F10BD7-04FC-4A92-8B97-4917DD4E2F96}.Debug|Any CPU.Build.0 = Debug|Any CPU
		{90F10BD7-04FC-4A92-8B97-4917DD4E2F96}.Release|Any CPU.ActiveCfg = Release|Any CPU
		{90F10BD7-04FC-4A92-8B97-4917DD4E2F96}.Release|Any CPU.Build.0 = Release|Any CPU
	EndGlobalSection
	GlobalSection(SolutionProperties) = preSolution
		HideSolutionNode = FALSE
	EndGlobalSection
	GlobalSection(ExtensibilityGlobals) = postSolution
		SolutionGuid = {3298AEE9-1E98-41E3-BDA2-FF79DAA0BFD7}
	EndGlobalSection
EndGlobal
